{
    "name": "assyst-tag-builder",
    "version": "1.0.0",
    "lockfileVersion": 3,
    "requires": true,
    "packages": {
        "": {
            "name": "assyst-tag-builder",
            "version": "1.0.0",
            "license": "ISC",
            "dependencies": {
                "@rspack/core": "^2.0.1"
            },
            "bin": {
                "assyst-tag-builder": "dist/main.js"
            }
        },
        "node_modules/@emnapi/core": {
            "version": "1.10.0",
            "resolved": "https://registry.npmjs.org/@emnapi/core/-/core-1.10.0.tgz",
            "integrity": "sha512-yq6OkJ4p82CAfPl0u9mQebQHKPJkY7WrIuk205cTYnYe+k2Z8YBh11FrbRG/H6ihirqcacOgl2BIO8oyMQLeXw==",
            "license": "MIT",
            "optional": true,
            "dependencies": {
                "@emnapi/wasi-threads": "1.2.1",
                "tslib": "^2.4.0"
            }
        },
        "node_modules/@emnapi/runtime": {
            "version": "1.10.0",
            "resolved": "https://registry.npmjs.org/@emnapi/runtime/-/runtime-1.10.0.tgz",
            "integrity": "sha512-ewvYlk86xUoGI0zQRNq/mC+16R1QeDlKQy21Ki3oSYXNgLb45GV1P6A0M+/s6nyCuNDqe5VpaY84BzXGwVbwFA==",
            "license": "MIT",
            "optional": true,
            "dependencies": {
                "tslib": "^2.4.0"
            }
        },
        "node_modules/@emnapi/wasi-threads": {
            "version": "1.2.1",
            "resolved": "https://registry.npmjs.org/@emnapi/wasi-threads/-/wasi-threads-1.2.1.tgz",
            "integrity": "sha512-uTII7OYF+/Mes/MrcIOYp5yOtSMLBWSIoLPpcgwipoiKbli6k322tcoFsxoIIxPDqW01SQGAgko4EzZi2BNv2w==",
            "license": "MIT",
            "optional": true,
            "dependencies": {
                "tslib": "^2.4.0"
            }
        },
        "node_modules/@napi-rs/wasm-runtime": {
            "version": "1.1.4",
            "resolved": "https://registry.npmjs.org/@napi-rs/wasm-runtime/-/wasm-runtime-1.1.4.tgz",
            "integrity": "sha512-3NQNNgA1YSlJb/kMH1ildASP9HW7/7kYnRI2szWJaofaS1hWmbGI4H+d3+22aGzXXN9IJ+n+GiFVcGipJP18ow==",
            "license": "MIT",
            "optional": true,
            "dependencies": {
                "@tybys/wasm-util": "^0.10.1"
            },
            "funding": {
                "type": "github",
                "url": "https://github.com/sponsors/Brooooooklyn"
            },
            "peerDependencies": {
                "@emnapi/core": "^1.7.1",
                "@emnapi/runtime": "^1.7.1"
            }
        },
        "node_modules/@rspack/binding": {
            "version": "2.0.1",
            "resolved": "https://registry.npmjs.org/@rspack/binding/-/binding-2.0.1.tgz",
            "integrity": "sha512-ynV1gw4KqFtQ0P+ZZh76SUj49wBb2FuHW3zSmHverHWuxBhzvrZS6/dZ+fCFQG8bTTPtrPz0RQUTN3uEDbPVBQ==",
            "license": "MIT",
            "optionalDependencies": {
                "@rspack/binding-darwin-arm64": "2.0.1",
                "@rspack/binding-darwin-x64": "2.0.1",
                "@rspack/binding-linux-arm64-gnu": "2.0.1",
                "@rspack/binding-linux-arm64-musl": "2.0.1",
                "@rspack/binding-linux-x64-gnu": "2.0.1",
                "@rspack/binding-linux-x64-musl": "2.0.1",
                "@rspack/binding-wasm32-wasi": "2.0.1",
                "@rspack/binding-win32-arm64-msvc": "2.0.1",
                "@rspack/binding-win32-ia32-msvc": "2.0.1",
                "@rspack/binding-win32-x64-msvc": "2.0.1"
            }
        },
        "node_modules/@rspack/binding-darwin-arm64": {
            "version": "2.0.1",
            "resolved": "https://registry.npmjs.org/@rspack/binding-darwin-arm64/-/binding-darwin-arm64-2.0.1.tgz",
            "integrity": "sha512-CGFO5zmajD1Itch1lxAI7+gvKiagzyqXopHv/jHG9Su2WWQ2/Nhn2/rkSpdp6ptE9ri6+6tCOOahf099/v/Xog==",
            "cpu": [
                "arm64"
            ],
            "license": "MIT",
            "optional": true,
            "os": [
                "darwin"
            ]
        },
        "node_modules/@rspack/binding-darwin-x64": {
            "version": "2.0.1",
            "resolved": "https://registry.npmjs.org/@rspack/binding-darwin-x64/-/binding-darwin-x64-2.0.1.tgz",
            "integrity": "sha512-2vvBNBoS09/PurupBwSrlTZd8283o00B8v20ncsNUdEff41uCR/hzIrYoTIVWnVST+Gt5O1+cfcfORp397lajg==",
            "cpu": [
                "x64"
            ],
            "license": "MIT",
            "optional": true,
            "os": [
                "darwin"
            ]
        },
        "node_modules/@rspack/binding-linux-arm64-gnu": {
            "version": "2.0.1",
            "resolved": "https://registry.npmjs.org/@rspack/binding-linux-arm64-gnu/-/binding-linux-arm64-gnu-2.0.1.tgz",
            "integrity": "sha512-uvNXk6ahE3AH3h2avnd1Mgno68YQpS4cfX1OkOGWIC/roL+NrOP2XVXV4yfVAoydPALDO7AfbIfN0QdmBK3rsA==",
            "cpu": [
                "arm64"
            ],
            "libc": [
                "glibc"
            ],
            "license": "MIT",
            "optional": true,
            "os": [
                "linux"
            ]
        },
        "node_modules/@rspack/binding-linux-arm64-musl": {
            "version": "2.0.1",
            "resolved": "https://registry.npmjs.org/@rspack/binding-linux-arm64-musl/-/binding-linux-arm64-musl-2.0.1.tgz",
            "integrity": "sha512-S/a6uN9PiZ5O/PjSqyIXhuRC1lVzeJkJV69NeLk5sIEUiDQ/aQGZG97uN+tluwpbo1tPbLJkdHYETfjspOX4Pg==",
            "cpu": [
                "arm64"
            ],
            "libc": [
                "musl"
            ],
            "license": "MIT",
            "optional": true,
            "os": [
                "linux"
            ]
        },
        "node_modules/@rspack/binding-linux-x64-gnu": {
            "version": "2.0.1",
            "resolved": "https://registry.npmjs.org/@rspack/binding-linux-x64-gnu/-/binding-linux-x64-gnu-2.0.1.tgz",
            "integrity": "sha512-C13Kk0OkZiocZVj187Sf753UH6pDXnuEu6vzUvi3qv9ltibG1ki0H2Y8isXBYL2cHQOV+hk0g1S6/4z3TTB97A==",
            "cpu": [
                "x64"
            ],
            "libc": [
                "glibc"
            ],
            "license": "MIT",
            "optional": true,
            "os": [
                "linux"
            ]
        },
        "node_modules/@rspack/binding-linux-x64-musl": {
            "version": "2.0.1",
            "resolved": "https://registry.npmjs.org/@rspack/binding-linux-x64-musl/-/binding-linux-x64-musl-2.0.1.tgz",
            "integrity": "sha512-TQsiBFpEDGkuvK9tNdGj/Uc+AIytzqhxXH/1jKU6M24cWB1DTw/Cx7DdrkCBDyq3129K3POLdujvbWCGqBzQUw==",
            "cpu": [
                "x64"
            ],
            "libc": [
                "musl"
            ],
            "license": "MIT",
            "optional": true,
            "os": [
                "linux"
            ]
        },
        "node_modules/@rspack/binding-wasm32-wasi": {
            "version": "2.0.1",
            "resolved": "https://registry.npmjs.org/@rspack/binding-wasm32-wasi/-/binding-wasm32-wasi-2.0.1.tgz",
            "integrity": "sha512-wk3gyUgBW/ayP49bI54bkY8+EQnfBHxdoe9dz3oobSTZQc8AOWwmUUDEPltW8rUvPOM6dfHECTOUMnfaf2f5yA==",
            "cpu": [
                "wasm32"
            ],
            "license": "MIT",
            "optional": true,
            "dependencies": {
                "@emnapi/core": "1.10.0",
                "@emnapi/runtime": "1.10.0",
                "@napi-rs/wasm-runtime": "1.1.4"
            }
        },
        "node_modules/@rspack/binding-win32-arm64-msvc": {
            "version": "2.0.1",
            "resolved": "https://registry.npmjs.org/@rspack/binding-win32-arm64-msvc/-/binding-win32-arm64-msvc-2.0.1.tgz",
            "integrity": "sha512-rHjLcy3VcAC3+x+PxH+gwhwv6tPe0JdXTNT5eAOs9wgZIM6T9p4wre49+K4Qy98+Fb7TTbLX0ObUitlOkGwTSA==",
            "cpu": [
                "arm64"
            ],
            "license": "MIT",
            "optional": true,
            "os": [
                "win32"
            ]
        },
        "node_modules/@rspack/binding-win32-ia32-msvc": {
            "version": "2.0.1",
            "resolved": "https://registry.npmjs.org/@rspack/binding-win32-ia32-msvc/-/binding-win32-ia32-msvc-2.0.1.tgz",
            "integrity": "sha512-Ad1vVqMBBnd4T8rsORngu9sl2kyRTlS4kMlvFudjzl1X2UFArEDBe0YVGNN7ZvahM12CErUx2WiN8Sd8pb+qXQ==",
            "cpu": [
                "ia32"
            ],
            "license": "MIT",
            "optional": true,
            "os": [
                "win32"
            ]
        },
        "node_modules/@rspack/binding-win32-x64-msvc": {
            "version": "2.0.1",
            "resolved": "https://registry.npmjs.org/@rspack/binding-win32-x64-msvc/-/binding-win32-x64-msvc-2.0.1.tgz",
            "integrity": "sha512-oPM2Jtm7HOlmxl/aBfleAVlL6t9VeHx6WvEets7BBJMInemFXAQd4CErRqybf7rXutACzLeUWBOue4Jpd1/ykw==",
            "cpu": [
                "x64"
            ],
            "license": "MIT",
            "optional": true,
            "os": [
                "win32"
            ]
        },
        "node_modules/@rspack/core": {
            "version": "2.0.1",
            "resolved": "https://registry.npmjs.org/@rspack/core/-/core-2.0.1.tgz",
            "integrity": "sha512-lgfZiExh8kDR/3obgi3RQKwKG5av1Xf5qDN1aVde777W9pbmx0Pqvrww1qtNvJ+gobEjbrrn5HEZWYGe0VLmcA==",
            "license": "MIT",
            "dependencies": {
                "@rspack/binding": "2.0.1"
            },
            "engines": {
                "node": "^20.19.0 || >=22.12.0"
            },
            "peerDependencies": {
                "@module-federation/runtime-tools": "^0.24.1 || ^2.0.0",
                "@swc/helpers": ">=0.5.1"
            },
            "peerDependenciesMeta": {
                "@module-federation/runtime-tools": {
                    "optional": true
                },
                "@swc/helpers": {
                    "optional": true
                }
            }
        },
        "node_modules/@tybys/wasm-util": {
            "version": "0.10.2",
            "resolved": "https://registry.npmjs.org/@tybys/wasm-util/-/wasm-util-0.10.2.tgz",
            "integrity": "sha512-RoBvJ2X0wuKlWFIjrwffGw1IqZHKQqzIchKaadZZfnNpsAYp2mM0h36JtPCjNDAHGgYez/15uMBpfGwchhiMgg==",
            "license": "MIT",
            "optional": true,
            "dependencies": {
                "tslib": "^2.4.0"
            }
        },
        "node_modules/tslib": {
            "version": "2.8.1",
            "resolved": "https://registry.npmjs.org/tslib/-/tslib-2.8.1.tgz",
            "integrity": "sha512-oJFu94HQb+KVduSUQL7wnpmqnfmLsOA/nAh6b6EH0wCEoK0/mPeXU6c3wKDV83MkOuHPRHtSXKKU99IBazS/2w==",
            "license": "0BSD",
            "optional": true
        }
    }
}
